
Microsoft Visual Studio Solution File, Format Version 12.00
# Visual Studio Version 17
VisualStudioVersion = 17.0.31903.59
MinimumVisualStudioVersion = 10.0.40219.1
Project("{FAE04EC0-301F-11D3-BF4B-00C04F79EFBC}") = "JwtStore.Api", "JwtStore.Api\JwtStore.Api.csproj", "{F2CC8774-4E8E-4874-B565-AFE54581E6AF}"
EndProject
Project("{FAE04EC0-301F-11D3-BF4B-00C04F79EFBC}") = "JwtStore.Core", "JwtStore.Core\JwtStore.Core.csproj", "{EEBAABEB-F491-4F37-9448-352C141AB11E}"
EndProject
Project("{FAE04EC0-301F-11D3-BF4B-00C04F79EFBC}") = "JwtStore.Infra", "JwtStore.Infra\JwtStore.Infra.csproj", "{52E9967B-5CFE-46BA-B3D0-DD149DC4918D}"
EndProject
Global
	GlobalSection(SolutionConfigurationPlatforms) = preSolution
		Debug|Any CPU = Debug|Any CPU
		Release|Any CPU = Release|Any CPU
	EndGlobalSection
	GlobalSection(SolutionProperties) = preSolution
		HideSolutionNode = FALSE
	EndGlobalSection
	GlobalSection(ProjectConfigurationPlatforms) = postSolution
		{F2CC8774-4E8E-4874-B565-AFE54581E6AF}.Debug|Any CPU.ActiveCfg = Debug|Any CPU
		{F2CC8774-4E8E-4874-B565-AFE54581E6AF}.Debug|Any CPU.Build.0 = Debug|Any CPU
		{F2CC8774-4E8E-4874-B565-AFE54581E6AF}.Release|Any CPU.ActiveCfg = Release|Any CPU
		{F2CC8774-4E8E-4874-B565-AFE54581E6AF}.Release|Any CPU.Build.0 = Release|Any CPU
		{EEBAABEB-F491-4F37-9448-352C141AB11E}.Debug|Any CPU.ActiveCfg = Debug|Any CPU
		{EEBAABEB-F491-4F37-9448-352C141AB11E}.Debug|Any CPU.Build.0 = Debug|Any CPU
		{EEBAABEB-F491-4F37-9448-352C141AB11E}.Release|Any CPU.ActiveCfg = Release|Any CPU
		{EEBAABEB-F491-4F37-9448-352C141AB11E}.Release|Any CPU.Build.0 = Release|Any CPU
		{52E9967B-5CFE-46BA-B3D0-DD149DC4918D}.Debug|Any CPU.ActiveCfg = Debug|Any CPU
		{52E9967B-5CFE-46BA-B3D0-DD149DC4918D}.Debug|Any CPU.Build.0 = Debug|Any CPU
		{52E9967B-5CFE-46BA-B3D0-DD149DC4918D}.Release|Any CPU.ActiveCfg = Release|Any CPU
		{52E9967B-5CFE-46BA-B3D0-DD149DC4918D}.Release|Any CPU.Build.0 = Release|Any CPU
	EndGlobalSection
EndGlobal
